
Microsoft Visual Studio Solution File, Format Version 12.00
# Visual Studio Version 16
VisualStudioVersion = 16.0.31410.357
MinimumVisualStudioVersion = 10.0.40219.1
Project("{FAE04EC0-301F-11D3-BF4B-00C04F79EFBC}") = "DelegateEvent", "DelegateEvent\DelegateEvent.csproj", "{004B0AAF-242F-4F07-85C4-61B86FA00404}"
EndProject
Global
	GlobalSection(SolutionConfigurationPlatforms) = preSolution
		Debug|Any CPU = Debug|Any CPU
		Release|Any CPU = Release|Any CPU
	EndGlobalSection
	GlobalSection(ProjectConfigurationPlatforms) = postSolution
		{004B0AAF-242F-4F07-85C4-61B86FA00404}.Debug|Any CPU.ActiveCfg = Debug|Any CPU
		{004B0AAF-242F-4F07-85C4-61B86FA00404}.Debug|Any CPU.Build.0 = Debug|Any CPU
		{004B0AAF-242F-4F07-85C4-61B86FA00404}.Release|Any CPU.ActiveCfg = Release|Any CPU
		{004B0AAF-242F-4F07-85C4-61B86FA00404}.Release|Any CPU.Build.0 = Release|Any CPU
	EndGlobalSection
	GlobalSection(SolutionProperties) = preSolution
		HideSolutionNode = FALSE
	EndGlobalSection
	GlobalSection(ExtensibilityGlobals) = postSolution
		SolutionGuid = {459B4EB5-71D6-49C4-899D-546FFB8D3AD4}
	EndGlobalSection
EndGlobal
